
Microsoft Visual Studio Solution File, Format Version 12.00
# Visual Studio Version 17
VisualStudioVersion = 17.4.33213.308
MinimumVisualStudioVersion = 10.0.40219.1
Project("{FAE04EC0-301F-11D3-BF4B-00C04F79EFBC}") = "WarehouseManagementSystem", "WarehouseManagementSystem.csproj", "{3DC485B5-B323-46B4-BD1A-6E34A5C4AD1B}"
EndProject
Global
	GlobalSection(SolutionConfigurationPlatforms) = preSolution
		Debug|Any CPU = Debug|Any CPU
		Release|Any CPU = Release|Any CPU
	EndGlobalSection
	GlobalSection(ProjectConfigurationPlatforms) = postSolution
		{3DC485B5-B323-46B4-BD1A-6E34A5C4AD1B}.Debug|Any CPU.ActiveCfg = Debug|Any CPU
		{3DC485B5-B323-46B4-BD1A-6E34A5C4AD1B}.Debug|Any CPU.Build.0 = Debug|Any CPU
		{3DC485B5-B323-46B4-BD1A-6E34A5C4AD1B}.Release|Any CPU.ActiveCfg = Release|Any CPU
		{3DC485B5-B323-46B4-BD1A-6E34A5C4AD1B}.Release|Any CPU.Build.0 = Release|Any CPU
	EndGlobalSection
	GlobalSection(SolutionProperties) = preSolution
		HideSolutionNode = FALSE
	EndGlobalSection
	GlobalSection(ExtensibilityGlobals) = postSolution
		SolutionGuid = {AA8132DB-4F13-42D0-B9B4-D7AF98190226}
	EndGlobalSection
EndGlobal
